
Microsoft Visual Studio Solution File, Format Version 12.00
# Visual Studio Version 16
VisualStudioVersion = 16.0.28803.202
MinimumVisualStudioVersion = 10.0.40219.1
Project("{FAE04EC0-301F-11D3-BF4B-00C04F79EFBC}") = "TravelPlanner", "TravelPlanner.csproj", "{6DC8A07C-A049-4755-B0DD-D5B899A6E700}"
EndProject
Global
	GlobalSection(SolutionConfigurationPlatforms) = preSolution
		Debug|Any CPU = Debug|Any CPU
		Release|Any CPU = Release|Any CPU
	EndGlobalSection
	GlobalSection(ProjectConfigurationPlatforms) = postSolution
		{6DC8A07C-A049-4755-B0DD-D5B899A6E700}.Debug|Any CPU.ActiveCfg = Debug|Any CPU
		{6DC8A07C-A049-4755-B0DD-D5B899A6E700}.Debug|Any CPU.Build.0 = Debug|Any CPU
		{6DC8A07C-A049-4755-B0DD-D5B899A6E700}.Release|Any CPU.ActiveCfg = Release|Any CPU
		{6DC8A07C-A049-4755-B0DD-D5B899A6E700}.Release|Any CPU.Build.0 = Release|Any CPU
	EndGlobalSection
	GlobalSection(SolutionProperties) = preSolution
		HideSolutionNode = FALSE
	EndGlobalSection
	GlobalSection(ExtensibilityGlobals) = postSolution
		SolutionGuid = {D26F3F57-FD9A-4B4C-BF68-33806D876075}
	EndGlobalSection
EndGlobal
